
Microsoft Visual Studio Solution File, Format Version 12.00
# Visual Studio 2013
VisualStudioVersion = 12.0.40629.0
MinimumVisualStudioVersion = 10.0.40219.1
Project("{FAE04EC0-301F-11D3-BF4B-00C04F79EFBC}") = "EvalServiceLibrary", "EvalServiceLibrary\EvalServiceLibrary.csproj", "{D9B20E7C-9AAF-48FD-87FA-FB5C96D4CC58}"
EndProject
Project("{FAE04EC0-301F-11D3-BF4B-00C04F79EFBC}") = "ConsoleHost", "ConsoleHost\ConsoleHost.csproj", "{FFB9FBE9-ADE9-4120-81F3-21D3DEF08A28}"
EndProject
Project("{FAE04EC0-301F-11D3-BF4B-00C04F79EFBC}") = "Client", "Client\Client.csproj", "{488F484D-5F66-48A4-956A-C76921E52218}"
	ProjectSection(ProjectDependencies) = postProject
		{D9B20E7C-9AAF-48FD-87FA-FB5C96D4CC58} = {D9B20E7C-9AAF-48FD-87FA-FB5C96D4CC58}
	EndProjectSection
EndProject
Global
	GlobalSection(SolutionConfigurationPlatforms) = preSolution
		Debug|Any CPU = Debug|Any CPU
		Release|Any CPU = Release|Any CPU
	EndGlobalSection
	GlobalSection(ProjectConfigurationPlatforms) = postSolution
		{D9B20E7C-9AAF-48FD-87FA-FB5C96D4CC58}.Debug|Any CPU.ActiveCfg = Debug|Any CPU
		{D9B20E7C-9AAF-48FD-87FA-FB5C96D4CC58}.Debug|Any CPU.Build.0 = Debug|Any CPU
		{D9B20E7C-9AAF-48FD-87FA-FB5C96D4CC58}.Release|Any CPU.ActiveCfg = Release|Any CPU
		{D9B20E7C-9AAF-48FD-87FA-FB5C96D4CC58}.Release|Any CPU.Build.0 = Release|Any CPU
		{FFB9FBE9-ADE9-4120-81F3-21D3DEF08A28}.Debug|Any CPU.ActiveCfg = Debug|Any CPU
		{FFB9FBE9-ADE9-4120-81F3-21D3DEF08A28}.Debug|Any CPU.Build.0 = Debug|Any CPU
		{FFB9FBE9-ADE9-4120-81F3-21D3DEF08A28}.Release|Any CPU.ActiveCfg = Release|Any CPU
		{FFB9FBE9-ADE9-4120-81F3-21D3DEF08A28}.Release|Any CPU.Build.0 = Release|Any CPU
		{488F484D-5F66-48A4-956A-C76921E52218}.Debug|Any CPU.ActiveCfg = Debug|Any CPU
		{488F484D-5F66-48A4-956A-C76921E52218}.Debug|Any CPU.Build.0 = Debug|Any CPU
		{488F484D-5F66-48A4-956A-C76921E52218}.Release|Any CPU.ActiveCfg = Release|Any CPU
		{488F484D-5F66-48A4-956A-C76921E52218}.Release|Any CPU.Build.0 = Release|Any CPU
	EndGlobalSection
	GlobalSection(SolutionProperties) = preSolution
		HideSolutionNode = FALSE
	EndGlobalSection
EndGlobal
